
Microsoft Visual Studio Solution File, Format Version 12.00
# Visual Studio Version 17
VisualStudioVersion = 17.3.32804.467
MinimumVisualStudioVersion = 10.0.40219.1
Project("{FAE04EC0-301F-11D3-BF4B-00C04F79EFBC}") = "BibliotecaDejogos", "BibliotecaDejogos.csproj", "{F3796558-FCC8-46F3-BCE9-CC6EA210B09B}"
EndProject
Global
	GlobalSection(SolutionConfigurationPlatforms) = preSolution
		Debug|Any CPU = Debug|Any CPU
		Release|Any CPU = Release|Any CPU
	EndGlobalSection
	GlobalSection(ProjectConfigurationPlatforms) = postSolution
		{F3796558-FCC8-46F3-BCE9-CC6EA210B09B}.Debug|Any CPU.ActiveCfg = Debug|Any CPU
		{F3796558-FCC8-46F3-BCE9-CC6EA210B09B}.Debug|Any CPU.Build.0 = Debug|Any CPU
		{F3796558-FCC8-46F3-BCE9-CC6EA210B09B}.Release|Any CPU.ActiveCfg = Release|Any CPU
		{F3796558-FCC8-46F3-BCE9-CC6EA210B09B}.Release|Any CPU.Build.0 = Release|Any CPU
	EndGlobalSection
	GlobalSection(SolutionProperties) = preSolution
		HideSolutionNode = FALSE
	EndGlobalSection
	GlobalSection(ExtensibilityGlobals) = postSolution
		SolutionGuid = {AF281E0D-07FA-460F-9403-C2692B864E1B}
	EndGlobalSection
EndGlobal
